<Solution>
  <Folder Name="/src/" />
  <Folder Name="/src/BuildingBlocks/">
    <Project Path="src/BuildingBlocks/BuildingBlocks.Messaging/BuildingBlocks.Messaging.csproj" />
  </Folder>
  <Folder Name="/src/Services/" />
  <Folder Name="/src/Services/BillingService/">
    <Project Path="src/Services/BillingService/BillingService.API/BillingService.API.csproj" />
    <Project Path="src/Services/BillingService/BillingService.Application/BillingService.Application.csproj" />
    <Project Path="src/Services/BillingService/BillingService.Domain/BillingService.Domain.csproj" />
    <Project Path="src/Services/BillingService/BillingService.Infrastructure/BillingService.Infrastructure.csproj" />
  </Folder>
  <Folder Name="/src/Services/HelpdeskService/">
    <Project Path="src/Services/HelpdeskService/HelpdeskService.API/HelpdeskService.API.csproj" />
    <Project Path="src/Services/HelpdeskService/HelpdeskService.Application/HelpdeskService.Application.csproj" />
    <Project Path="src/Services/HelpdeskService/HelpdeskService.Domain/HelpdeskService.Domain.csproj" />
    <Project Path="src/Services/HelpdeskService/HelpdeskService.Infrastructure/HelpdeskService.Infrastructure.csproj" />
  </Folder>
  <Folder Name="/src/Services/IdentityService/">
    <Project Path="src/Services/IdentityService/IdentityService.API/IdentityService.API.csproj" />
    <Project Path="src/Services/IdentityService/IdentityService.Application/IdentityService.Application.csproj" />
    <Project Path="src/Services/IdentityService/IdentityService.Domain/IdentityService.Domain.csproj" />
    <Project Path="src/Services/IdentityService/IdentityService.Infrastructure/IdentityService.Infrastructure.csproj" />
  </Folder>
  <Folder Name="/src/Services/NoticeBoardService/">
    <Project Path="src/Services/NoticeBoardService/NoticeBoardService.API/NoticeBoardService.API.csproj" />
    <Project Path="src/Services/NoticeBoardService/NoticeBoardService.Application/NoticeBoardService.Application.csproj" />
    <Project Path="src/Services/NoticeBoardService/NoticeBoardService.Domain/NoticeBoardService.Domain.csproj" />
    <Project Path="src/Services/NoticeBoardService/NoticeBoardService.Infrastructure/NoticeBoardService.Infrastructure.csproj" />
  </Folder>
  <Folder Name="/src/Services/NotificationService/">
    <Project Path="src/Services/NotificationService/NotificationService.API/NotificationService.API.csproj" />
    <Project Path="src/Services/NotificationService/NotificationService.Application/NotificationService.Application.csproj" />
    <Project Path="src/Services/NotificationService/NotificationService.Domain/NotificationService.Domain.csproj" />
    <Project Path="src/Services/NotificationService/NotificationService.Infrastructure/NotificationService.Infrastructure.csproj" />
  </Folder>
  <Folder Name="/src/Services/TenantService/">
    <Project Path="src/Services/TenantService/TenantService.API/TenantService.API.csproj" />
    <Project Path="src/Services/TenantService/TenantService.Application/TenantService.Application.csproj" />
    <Project Path="src/Services/TenantService/TenantService.Domain/TenantService.Domain.csproj" />
    <Project Path="src/Services/TenantService/TenantService.Infrastructure/TenantService.Infrastructure.csproj" />
  </Folder>
  <Folder Name="/src/Services/VisitorService/">
    <Project Path="src/Services/VisitorService/VisitorService.API/VisitorService.API.csproj" />
    <Project Path="src/Services/VisitorService/VisitorService.Application/VisitorService.Application.csproj" />
    <Project Path="src/Services/VisitorService/VisitorService.Domain/VisitorService.Domain.csproj" />
    <Project Path="src/Services/VisitorService/VisitorService.Infrastructure/VisitorService.Infrastructure.csproj" />
  </Folder>
</Solution>
